// !$*UTF8*$!
{
	archiveVersion = 1;
	classes = {
	};
	objectVersion = 46;
	objects = {

/* Begin PBXBuildFile section */
		184373431F61237B00A1B383 /* AppDelegate.swift in Sources */ = {isa = PBXBuildFile; fileRef = 184373421F61237B00A1B383 /* AppDelegate.swift */; };
		184373451F61237B00A1B383 /* ViewController.swift in Sources */ = {isa = PBXBuildFile; fileRef = 184373441F61237B00A1B383 /* ViewController.swift */; };
		184373481F61237B00A1B383 /* Main.storyboard in Resources */ = {isa = PBXBuildFile; fileRef = 184373461F61237B00A1B383 /* Main.storyboard */; };
		1843734A1F61237B00A1B383 /* Assets.xcassets in Resources */ = {isa = PBXBuildFile; fileRef = 184373491F61237B00A1B383 /* Assets.xcassets */; };
		1843734D1F61237B00A1B383 /* LaunchScreen.storyboard in Resources */ = {isa = PBXBuildFile; fileRef = 1843734B1F61237B00A1B383 /* LaunchScreen.storyboard */; };
		189AEE981F61565A0014B33E /* BTSignUPVC.swift in Sources */ = {isa = PBXBuildFile; fileRef = 189AEE971F61565A0014B33E /* BTSignUPVC.swift */; };
		18F14C501F6129EE00CA7B64 /* GoogleService-Info.plist in Resources */ = {isa = PBXBuildFile; fileRef = 18F14C4F1F6129EE00CA7B64 /* GoogleService-Info.plist */; };
		451297131F613CB20052F7BB /* Home.storyboard in Resources */ = {isa = PBXBuildFile; fileRef = 451297121F613CB20052F7BB /* Home.storyboard */; };
		451297151F613CED0052F7BB /* BTHomeVC.swift in Sources */ = {isa = PBXBuildFile; fileRef = 451297141F613CED0052F7BB /* BTHomeVC.swift */; };
		EB2B82241F625B260074EB54 /* CoreLocation.framework in Frameworks */ = {isa = PBXBuildFile; fileRef = EB2B82231F625B260074EB54 /* CoreLocation.framework */; };
		EBBE9E791F629D34002C0B21 /* BaseViewController.swift in Sources */ = {isa = PBXBuildFile; fileRef = EBBE9E781F629D34002C0B21 /* BaseViewController.swift */; };
		EBD9AF6B1F615C01008D0F79 /* Cricket.storyboard in Resources */ = {isa = PBXBuildFile; fileRef = EBD9AF6A1F615C01008D0F79 /* Cricket.storyboard */; };
		EBD9AF6D1F6168ED008D0F79 /* CreateTeamVC.swift in Sources */ = {isa = PBXBuildFile; fileRef = EBD9AF6C1F6168ED008D0F79 /* CreateTeamVC.swift */; };
		EBD9AF6F1F616918008D0F79 /* JoinTeamVC.swift in Sources */ = {isa = PBXBuildFile; fileRef = EBD9AF6E1F616918008D0F79 /* JoinTeamVC.swift */; };
		EBD9AF711F616E60008D0F79 /* TeamList.swift in Sources */ = {isa = PBXBuildFile; fileRef = EBD9AF701F616E60008D0F79 /* TeamList.swift */; };
		FA7456EFA7AE26DED32F9E4A /* Pods_BreakTime.framework in Frameworks */ = {isa = PBXBuildFile; fileRef = 96F4D35DA5E8332DE2E71146 /* Pods_BreakTime.framework */; };
/* End PBXBuildFile section */

/* Begin PBXFileReference section */
		1843733F1F61237B00A1B383 /* BreakTime.app */ = {isa = PBXFileReference; explicitFileType = wrapper.application; includeInIndex = 0; path = BreakTime.app; sourceTree = BUILT_PRODUCTS_DIR; };
		184373421F61237B00A1B383 /* AppDelegate.swift */ = {isa = PBXFileReference; lastKnownFileType = sourcecode.swift; path = AppDelegate.swift; sourceTree = "<group>"; };
		184373441F61237B00A1B383 /* ViewController.swift */ = {isa = PBXFileReference; lastKnownFileType = sourcecode.swift; path = ViewController.swift; sourceTree = "<group>"; };
		184373471F61237B00A1B383 /* Base */ = {isa = PBXFileReference; lastKnownFileType = file.storyboard; name = Base; path = Base.lproj/Main.storyboard; sourceTree = "<group>"; };
		184373491F61237B00A1B383 /* Assets.xcassets */ = {isa = PBXFileReference; lastKnownFileType = folder.assetcatalog; path = Assets.xcassets; sourceTree = "<group>"; };
		1843734C1F61237B00A1B383 /* Base */ = {isa = PBXFileReference; lastKnownFileType = file.storyboard; name = Base; path = Base.lproj/LaunchScreen.storyboard; sourceTree = "<group>"; };
		1843734E1F61237B00A1B383 /* Info.plist */ = {isa = PBXFileReference; lastKnownFileType = text.plist.xml; path = Info.plist; sourceTree = "<group>"; };
		189AEE971F61565A0014B33E /* BTSignUPVC.swift */ = {isa = PBXFileReference; fileEncoding = 4; lastKnownFileType = sourcecode.swift; path = BTSignUPVC.swift; sourceTree = "<group>"; };
		18F14C4F1F6129EE00CA7B64 /* GoogleService-Info.plist */ = {isa = PBXFileReference; fileEncoding = 4; lastKnownFileType = text.plist.xml; path = "GoogleService-Info.plist"; sourceTree = "<group>"; };
		451297121F613CB20052F7BB /* Home.storyboard */ = {isa = PBXFileReference; fileEncoding = 4; lastKnownFileType = file.storyboard; path = Home.storyboard; sourceTree = "<group>"; };
		451297141F613CED0052F7BB /* BTHomeVC.swift */ = {isa = PBXFileReference; fileEncoding = 4; lastKnownFileType = sourcecode.swift; path = BTHomeVC.swift; sourceTree = "<group>"; };
		54884FAF236D1AB1FF75564B /* Pods-BreakTime.release.xcconfig */ = {isa = PBXFileReference; includeInIndex = 1; lastKnownFileType = text.xcconfig; name = "Pods-BreakTime.release.xcconfig"; path = "Pods/Target Support Files/Pods-BreakTime/Pods-BreakTime.release.xcconfig"; sourceTree = "<group>"; };
		96F4D35DA5E8332DE2E71146 /* Pods_BreakTime.framework */ = {isa = PBXFileReference; explicitFileType = wrapper.framework; includeInIndex = 0; path = Pods_BreakTime.framework; sourceTree = BUILT_PRODUCTS_DIR; };
		BCD9886D643395EBB241E22E /* Pods-BreakTime.debug.xcconfig */ = {isa = PBXFileReference; includeInIndex = 1; lastKnownFileType = text.xcconfig; name = "Pods-BreakTime.debug.xcconfig"; path = "Pods/Target Support Files/Pods-BreakTime/Pods-BreakTime.debug.xcconfig"; sourceTree = "<group>"; };
		EB2B82221F6258DD0074EB54 /* BreakTime.entitlements */ = {isa = PBXFileReference; lastKnownFileType = text.plist.entitlements; path = BreakTime.entitlements; sourceTree = "<group>"; };
		EB2B82231F625B260074EB54 /* CoreLocation.framework */ = {isa = PBXFileReference; lastKnownFileType = wrapper.framework; name = CoreLocation.framework; path = System/Library/Frameworks/CoreLocation.framework; sourceTree = SDKROOT; };
		EBBE9E781F629D34002C0B21 /* BaseViewController.swift */ = {isa = PBXFileReference; fileEncoding = 4; lastKnownFileType = sourcecode.swift; path = BaseViewController.swift; sourceTree = "<group>"; };
		EBD9AF6A1F615C01008D0F79 /* Cricket.storyboard */ = {isa = PBXFileReference; fileEncoding = 4; lastKnownFileType = file.storyboard; path = Cricket.storyboard; sourceTree = "<group>"; };
		EBD9AF6C1F6168ED008D0F79 /* CreateTeamVC.swift */ = {isa = PBXFileReference; fileEncoding = 4; lastKnownFileType = sourcecode.swift; path = CreateTeamVC.swift; sourceTree = "<group>"; };
		EBD9AF6E1F616918008D0F79 /* JoinTeamVC.swift */ = {isa = PBXFileReference; fileEncoding = 4; lastKnownFileType = sourcecode.swift; path = JoinTeamVC.swift; sourceTree = "<group>"; };
		EBD9AF701F616E60008D0F79 /* TeamList.swift */ = {isa = PBXFileReference; fileEncoding = 4; lastKnownFileType = sourcecode.swift; path = TeamList.swift; sourceTree = "<group>"; };
/* End PBXFileReference section */

/* Begin PBXFrameworksBuildPhase section */
		1843733C1F61237B00A1B383 /* Frameworks */ = {
			isa = PBXFrameworksBuildPhase;
			buildActionMask = 2147483647;
			files = (
				EB2B82241F625B260074EB54 /* CoreLocation.framework in Frameworks */,
				FA7456EFA7AE26DED32F9E4A /* Pods_BreakTime.framework in Frameworks */,
			);
			runOnlyForDeploymentPostprocessing = 0;
		};
/* End PBXFrameworksBuildPhase section */

/* Begin PBXGroup section */
		180D0C53D0A9ABBB08AF29D6 /* Pods */ = {
			isa = PBXGroup;
			children = (
				BCD9886D643395EBB241E22E /* Pods-BreakTime.debug.xcconfig */,
				54884FAF236D1AB1FF75564B /* Pods-BreakTime.release.xcconfig */,
			);
			name = Pods;
			sourceTree = "<group>";
		};
		184373361F61237B00A1B383 = {
			isa = PBXGroup;
			children = (
				184373411F61237B00A1B383 /* BreakTime */,
				184373401F61237B00A1B383 /* Products */,
				180D0C53D0A9ABBB08AF29D6 /* Pods */,
				347A15DB0933CA960410E28C /* Frameworks */,
			);
			sourceTree = "<group>";
		};
		184373401F61237B00A1B383 /* Products */ = {
			isa = PBXGroup;
			children = (
				1843733F1F61237B00A1B383 /* BreakTime.app */,
			);
			name = Products;
			sourceTree = "<group>";
		};
		184373411F61237B00A1B383 /* BreakTime */ = {
			isa = PBXGroup;
			children = (
				EB2B82221F6258DD0074EB54 /* BreakTime.entitlements */,
				184373421F61237B00A1B383 /* AppDelegate.swift */,
				184373441F61237B00A1B383 /* ViewController.swift */,
				189AEE971F61565A0014B33E /* BTSignUPVC.swift */,
				451297141F613CED0052F7BB /* BTHomeVC.swift */,
				EBBE9E781F629D34002C0B21 /* BaseViewController.swift */,
				EBD9AF6C1F6168ED008D0F79 /* CreateTeamVC.swift */,
				EBD9AF6E1F616918008D0F79 /* JoinTeamVC.swift */,
				EBD9AF701F616E60008D0F79 /* TeamList.swift */,
				EBD9AF6A1F615C01008D0F79 /* Cricket.storyboard */,
				184373461F61237B00A1B383 /* Main.storyboard */,
				451297121F613CB20052F7BB /* Home.storyboard */,
				184373491F61237B00A1B383 /* Assets.xcassets */,
				1843734B1F61237B00A1B383 /* LaunchScreen.storyboard */,
				1843734E1F61237B00A1B383 /* Info.plist */,
				18F14C4F1F6129EE00CA7B64 /* GoogleService-Info.plist */,
			);
			path = BreakTime;
			sourceTree = "<group>";
		};
		347A15DB0933CA960410E28C /* Frameworks */ = {
			isa = PBXGroup;
			children = (
				EB2B82231F625B260074EB54 /* CoreLocation.framework */,
				96F4D35DA5E8332DE2E71146 /* Pods_BreakTime.framework */,
			);
			name = Frameworks;
			sourceTree = "<group>";
		};
/* End PBXGroup section */

/* Begin PBXNativeTarget section */
		1843733E1F61237B00A1B383 /* BreakTime */ = {
			isa = PBXNativeTarget;
			buildConfigurationList = 184373511F61237B00A1B383 /* Build configuration list for PBXNativeTarget "BreakTime" */;
			buildPhases = (
				F5A734D2CC051C07490EF02D /* [CP] Check Pods Manifest.lock */,
				1843733B1F61237B00A1B383 /* Sources */,
				1843733C1F61237B00A1B383 /* Frameworks */,
				1843733D1F61237B00A1B383 /* Resources */,
				8AB1DF62B5E1D6C69EA63D35 /* [CP] Embed Pods Frameworks */,
				6C2B010D23B45D5446F00BAF /* [CP] Copy Pods Resources */,
			);
			buildRules = (
			);
			dependencies = (
			);
			name = BreakTime;
			productName = BreakTime;
			productReference = 1843733F1F61237B00A1B383 /* BreakTime.app */;
			productType = "com.apple.product-type.application";
		};
/* End PBXNativeTarget section */

/* Begin PBXProject section */
		184373371F61237B00A1B383 /* Project object */ = {
			isa = PBXProject;
			attributes = {
				LastSwiftUpdateCheck = 0830;
				LastUpgradeCheck = 0830;
				ORGANIZATIONNAME = RBA;
				TargetAttributes = {
					1843733E1F61237B00A1B383 = {
						CreatedOnToolsVersion = 8.3.1;
						DevelopmentTeam = 6X82G43549;
						ProvisioningStyle = Automatic;
						SystemCapabilities = {
							com.apple.Push = {
								enabled = 0;
							};
						};
					};
				};
			};
			buildConfigurationList = 1843733A1F61237B00A1B383 /* Build configuration list for PBXProject "BreakTime" */;
			compatibilityVersion = "Xcode 3.2";
			developmentRegion = English;
			hasScannedForEncodings = 0;
			knownRegions = (
				en,
				Base,
			);
			mainGroup = 184373361F61237B00A1B383;
			productRefGroup = 184373401F61237B00A1B383 /* Products */;
			projectDirPath = "";
			projectRoot = "";
			targets = (
				1843733E1F61237B00A1B383 /* BreakTime */,
			);
		};
/* End PBXProject section */

/* Begin PBXResourcesBuildPhase section */
		1843733D1F61237B00A1B383 /* Resources */ = {
			isa = PBXResourcesBuildPhase;
			buildActionMask = 2147483647;
			files = (
				1843734D1F61237B00A1B383 /* LaunchScreen.storyboard in Resources */,
				451297131F613CB20052F7BB /* Home.storyboard in Resources */,
				18F14C501F6129EE00CA7B64 /* GoogleService-Info.plist in Resources */,
				1843734A1F61237B00A1B383 /* Assets.xcassets in Resources */,
				EBD9AF6B1F615C01008D0F79 /* Cricket.storyboard in Resources */,
				184373481F61237B00A1B383 /* Main.storyboard in Resources */,
			);
			runOnlyForDeploymentPostprocessing = 0;
		};
/* End PBXResourcesBuildPhase section */

/* Begin PBXShellScriptBuildPhase section */
		6C2B010D23B45D5446F00BAF /* [CP] Copy Pods Resources */ = {
			isa = PBXShellScriptBuildPhase;
			buildActionMask = 2147483647;
			files = (
			);
			inputPaths = (
			);
			name = "[CP] Copy Pods Resources";
			outputPaths = (
			);
			runOnlyForDeploymentPostprocessing = 0;
			shellPath = /bin/sh;
			shellScript = "\"${SRCROOT}/Pods/Target Support Files/Pods-BreakTime/Pods-BreakTime-resources.sh\"\n";
			showEnvVarsInLog = 0;
		};
		8AB1DF62B5E1D6C69EA63D35 /* [CP] Embed Pods Frameworks */ = {
			isa = PBXShellScriptBuildPhase;
			buildActionMask = 2147483647;
			files = (
			);
			inputPaths = (
				"${SRCROOT}/Pods/Target Support Files/Pods-BreakTime/Pods-BreakTime-frameworks.sh",
				"${BUILT_PRODUCTS_DIR}/GTMSessionFetcher/GTMSessionFetcher.framework",
				"${BUILT_PRODUCTS_DIR}/GoogleToolboxForMac/GoogleToolboxForMac.framework",
				"${BUILT_PRODUCTS_DIR}/IQKeyboardManagerSwift/IQKeyboardManagerSwift.framework",
				"${BUILT_PRODUCTS_DIR}/MBProgressHUD/MBProgressHUD.framework",
				"${BUILT_PRODUCTS_DIR}/Protobuf/Protobuf.framework",
				"${BUILT_PRODUCTS_DIR}/leveldb-library/leveldb.framework",
				"${BUILT_PRODUCTS_DIR}/nanopb/nanopb.framework",
			);
			name = "[CP] Embed Pods Frameworks";
			outputPaths = (
				"${TARGET_BUILD_DIR}/${FRAMEWORKS_FOLDER_PATH}/GTMSessionFetcher.framework",
				"${TARGET_BUILD_DIR}/${FRAMEWORKS_FOLDER_PATH}/GoogleToolboxForMac.framework",
				"${TARGET_BUILD_DIR}/${FRAMEWORKS_FOLDER_PATH}/IQKeyboardManagerSwift.framework",
				"${TARGET_BUILD_DIR}/${FRAMEWORKS_FOLDER_PATH}/MBProgressHUD.framework",
				"${TARGET_BUILD_DIR}/${FRAMEWORKS_FOLDER_PATH}/Protobuf.framework",
				"${TARGET_BUILD_DIR}/${FRAMEWORKS_FOLDER_PATH}/leveldb.framework",
				"${TARGET_BUILD_DIR}/${FRAMEWORKS_FOLDER_PATH}/nanopb.framework",
			);
			runOnlyForDeploymentPostprocessing = 0;
			shellPath = /bin/sh;
			shellScript = "\"${SRCROOT}/Pods/Target Support Files/Pods-BreakTime/Pods-BreakTime-frameworks.sh\"\n";
			showEnvVarsInLog = 0;
		};
		F5A734D2CC051C07490EF02D /* [CP] Check Pods Manifest.lock */ = {
			isa = PBXShellScriptBuildPhase;
			buildActionMask = 2147483647;
			files = (
			);
			inputPaths = (
				"${PODS_PODFILE_DIR_PATH}/Podfile.lock",
				"${PODS_ROOT}/Manifest.lock",
			);
			name = "[CP] Check Pods Manifest.lock";
			outputPaths = (
				"$(DERIVED_FILE_DIR)/Pods-BreakTime-checkManifestLockResult.txt",
			);
			runOnlyForDeploymentPostprocessing = 0;
			shellPath = /bin/sh;
			shellScript = "diff \"${PODS_PODFILE_DIR_PATH}/Podfile.lock\" \"${PODS_ROOT}/Manifest.lock\" > /dev/null\nif [ $? != 0 ] ; then\n    # print error to STDERR\n    echo \"error: The sandbox is not in sync with the Podfile.lock. Run 'pod install' or update your CocoaPods installation.\" >&2\n    exit 1\nfi\n# This output is used by Xcode 'outputs' to avoid re-running this script phase.\necho \"SUCCESS\" > \"${SCRIPT_OUTPUT_FILE_0}\"\n";
			showEnvVarsInLog = 0;
		};
/* End PBXShellScriptBuildPhase section */

/* Begin PBXSourcesBuildPhase section */
		1843733B1F61237B00A1B383 /* Sources */ = {
			isa = PBXSourcesBuildPhase;
			buildActionMask = 2147483647;
			files = (
				189AEE981F61565A0014B33E /* BTSignUPVC.swift in Sources */,
				184373451F61237B00A1B383 /* ViewController.swift in Sources */,
				451297151F613CED0052F7BB /* BTHomeVC.swift in Sources */,
				EBD9AF6F1F616918008D0F79 /* JoinTeamVC.swift in Sources */,
				EBD9AF711F616E60008D0F79 /* TeamList.swift in Sources */,
				EBBE9E791F629D34002C0B21 /* BaseViewController.swift in Sources */,
				EBD9AF6D1F6168ED008D0F79 /* CreateTeamVC.swift in Sources */,
				184373431F61237B00A1B383 /* AppDelegate.swift in Sources */,
			);
			runOnlyForDeploymentPostprocessing = 0;
		};
/* End PBXSourcesBuildPhase section */

/* Begin PBXVariantGroup section */
		184373461F61237B00A1B383 /* Main.storyboard */ = {
			isa = PBXVariantGroup;
			children = (
				184373471F61237B00A1B383 /* Base */,
			);
			name = Main.storyboard;
			sourceTree = "<group>";
		};
		1843734B1F61237B00A1B383 /* LaunchScreen.storyboard */ = {
			isa = PBXVariantGroup;
			children = (
				1843734C1F61237B00A1B383 /* Base */,
			);
			name = LaunchScreen.storyboard;
			sourceTree = "<group>";
		};
/* End PBXVariantGroup section */

/* Begin XCBuildConfiguration section */
		1843734F1F61237B00A1B383 /* Debug */ = {
			isa = XCBuildConfiguration;
			buildSettings = {
				ALWAYS_SEARCH_USER_PATHS = NO;
				CLANG_ANALYZER_NONNULL = YES;
				CLANG_ANALYZER_NUMBER_OBJECT_CONVERSION = YES_AGGRESSIVE;
				CLANG_CXX_LANGUAGE_STANDARD = "gnu++0x";
				CLANG_CXX_LIBRARY = "libc++";
				CLANG_ENABLE_MODULES = YES;
				CLANG_ENABLE_OBJC_ARC = YES;
				CLANG_WARN_BOOL_CONVERSION = YES;
				CLANG_WARN_CONSTANT_CONVERSION = YES;
				CLANG_WARN_DIRECT_OBJC_ISA_USAGE = YES_ERROR;
				CLANG_WARN_DOCUMENTATION_COMMENTS = YES;
				CLANG_WARN_EMPTY_BODY = YES;
				CLANG_WARN_ENUM_CONVERSION = YES;
				CLANG_WARN_INFINITE_RECURSION = YES;
				CLANG_WARN_INT_CONVERSION = YES;
				CLANG_WARN_OBJC_ROOT_CLASS = YES_ERROR;
				CLANG_WARN_SUSPICIOUS_MOVE = YES;
				CLANG_WARN_UNREACHABLE_CODE = YES;
				CLANG_WARN__DUPLICATE_METHOD_MATCH = YES;
				"CODE_SIGN_IDENTITY[sdk=iphoneos*]" = "iPhone Developer";
				COPY_PHASE_STRIP = NO;
				DEBUG_INFORMATION_FORMAT = dwarf;
				ENABLE_STRICT_OBJC_MSGSEND = YES;
				ENABLE_TESTABILITY = YES;
				GCC_C_LANGUAGE_STANDARD = gnu99;
				GCC_DYNAMIC_NO_PIC = NO;
				GCC_NO_COMMON_BLOCKS = YES;
				GCC_OPTIMIZATION_LEVEL = 0;
				GCC_PREPROCESSOR_DEFINITIONS = (
					"DEBUG=1",
					"$(inherited)",
				);
				GCC_WARN_64_TO_32_BIT_CONVERSION = YES;
				GCC_WARN_ABOUT_RETURN_TYPE = YES_ERROR;
				GCC_WARN_UNDECLARED_SELECTOR = YES;
				GCC_WARN_UNINITIALIZED_AUTOS = YES_AGGRESSIVE;
				GCC_WARN_UNUSED_FUNCTION = YES;
				GCC_WARN_UNUSED_VARIABLE = YES;
				IPHONEOS_DEPLOYMENT_TARGET = 10.3;
				MTL_ENABLE_DEBUG_INFO = YES;
				ONLY_ACTIVE_ARCH = YES;
				SDKROOT = iphoneos;
				SWIFT_ACTIVE_COMPILATION_CONDITIONS = DEBUG;
				SWIFT_OPTIMIZATION_LEVEL = "-Onone";
			};
			name = Debug;
		};
		184373501F61237B00A1B383 /* Release */ = {
			isa = XCBuildConfiguration;
			buildSettings = {
				ALWAYS_SEARCH_USER_PATHS = NO;
				CLANG_ANALYZER_NONNULL = YES;
				CLANG_ANALYZER_NUMBER_OBJECT_CONVERSION = YES_AGGRESSIVE;
				CLANG_CXX_LANGUAGE_STANDARD = "gnu++0x";
				CLANG_CXX_LIBRARY = "libc++";
				CLANG_ENABLE_MODULES = YES;
				CLANG_ENABLE_OBJC_ARC = YES;
				CLANG_WARN_BOOL_CONVERSION = YES;
				CLANG_WARN_CONSTANT_CONVERSION = YES;
				CLANG_WARN_DIRECT_OBJC_ISA_USAGE = YES_ERROR;
				CLANG_WARN_DOCUMENTATION_COMMENTS = YES;
				CLANG_WARN_EMPTY_BODY = YES;
				CLANG_WARN_ENUM_CONVERSION = YES;
				CLANG_WARN_INFINITE_RECURSION = YES;
				CLANG_WARN_INT_CONVERSION = YES;
				CLANG_WARN_OBJC_ROOT_CLASS = YES_ERROR;
				CLANG_WARN_SUSPICIOUS_MOVE = YES;
				CLANG_WARN_UNREACHABLE_CODE = YES;
				CLANG_WARN__DUPLICATE_METHOD_MATCH = YES;
				"CODE_SIGN_IDENTITY[sdk=iphoneos*]" = "iPhone Developer";
				COPY_PHASE_STRIP = NO;
				DEBUG_INFORMATION_FORMAT = "dwarf-with-dsym";
				ENABLE_NS_ASSERTIONS = NO;
				ENABLE_STRICT_OBJC_MSGSEND = YES;
				GCC_C_LANGUAGE_STANDARD = gnu99;
				GCC_NO_COMMON_BLOCKS = YES;
				GCC_WARN_64_TO_32_BIT_CONVERSION = YES;
				GCC_WARN_ABOUT_RETURN_TYPE = YES_ERROR;
				GCC_WARN_UNDECLARED_SELECTOR = YES;
				GCC_WARN_UNINITIALIZED_AUTOS = YES_AGGRESSIVE;
				GCC_WARN_UNUSED_FUNCTION = YES;
				GCC_WARN_UNUSED_VARIABLE = YES;
				IPHONEOS_DEPLOYMENT_TARGET = 10.3;
				MTL_ENABLE_DEBUG_INFO = NO;
				SDKROOT = iphoneos;
				SWIFT_OPTIMIZATION_LEVEL = "-Owholemodule";
				VALIDATE_PRODUCT = YES;
			};
			name = Release;
		};
		184373521F61237B00A1B383 /* Debug */ = {
			isa = XCBuildConfiguration;
			baseConfigurationReference = BCD9886D643395EBB241E22E /* Pods-BreakTime.debug.xcconfig */;
			buildSettings = {
				ASSETCATALOG_COMPILER_APPICON_NAME = AppIcon;
				DEVELOPMENT_TEAM = 6X82G43549;
				INFOPLIST_FILE = BreakTime/Info.plist;
				LD_RUNPATH_SEARCH_PATHS = "$(inherited) @executable_path/Frameworks";
				PRODUCT_BUNDLE_IDENTIFIER = com.rapidBizApps.BreakTime;
				PRODUCT_NAME = "$(TARGET_NAME)";
				SWIFT_VERSION = 3.0;
			};
			name = Debug;
		};
		184373531F61237B00A1B383 /* Release */ = {
			isa = XCBuildConfiguration;
			baseConfigurationReference = 54884FAF236D1AB1FF75564B /* Pods-BreakTime.release.xcconfig */;
			buildSettings = {
				ASSETCATALOG_COMPILER_APPICON_NAME = AppIcon;
				DEVELOPMENT_TEAM = 6X82G43549;
				INFOPLIST_FILE = BreakTime/Info.plist;
				LD_RUNPATH_SEARCH_PATHS = "$(inherited) @executable_path/Frameworks";
				PRODUCT_BUNDLE_IDENTIFIER = com.rapidBizApps.BreakTime;
				PRODUCT_NAME = "$(TARGET_NAME)";
				SWIFT_VERSION = 3.0;
			};
			name = Release;
		};
/* End XCBuildConfiguration section */

/* Begin XCConfigurationList section */
		1843733A1F61237B00A1B383 /* Build configuration list for PBXProject "BreakTime" */ = {
			isa = XCConfigurationList;
			buildConfigurations = (
				1843734F1F61237B00A1B383 /* Debug */,
				184373501F61237B00A1B383 /* Release */,
			);
			defaultConfigurationIsVisible = 0;
			defaultConfigurationName = Release;
		};
		184373511F61237B00A1B383 /* Build configuration list for PBXNativeTarget "BreakTime" */ = {
			isa = XCConfigurationList;
			buildConfigurations = (
				184373521F61237B00A1B383 /* Debug */,
				184373531F61237B00A1B383 /* Release */,
			);
			defaultConfigurationIsVisible = 0;
			defaultConfigurationName = Release;
		};
/* End XCConfigurationList section */
	};
	rootObject = 184373371F61237B00A1B383 /* Project object */;
}
